
Microsoft Visual Studio Solution File, Format Version 12.00
# Visual Studio Version 18
VisualStudioVersion = 18.3.11312.210 d18.3
MinimumVisualStudioVersion = 10.0.40219.1
Project("{FAE04EC0-301F-11D3-BF4B-00C04F79EFBC}") = "UrbanInk.Api", "UrbanInk.Api.csproj", "{EC44C8FB-3B00-11FB-0700-A18B685C6B25}"
EndProject
Global
	GlobalSection(SolutionConfigurationPlatforms) = preSolution
		Debug|Any CPU = Debug|Any CPU
		Release|Any CPU = Release|Any CPU
	EndGlobalSection
	GlobalSection(ProjectConfigurationPlatforms) = postSolution
		{EC44C8FB-3B00-11FB-0700-A18B685C6B25}.Debug|Any CPU.ActiveCfg = Debug|Any CPU
		{EC44C8FB-3B00-11FB-0700-A18B685C6B25}.Debug|Any CPU.Build.0 = Debug|Any CPU
		{EC44C8FB-3B00-11FB-0700-A18B685C6B25}.Release|Any CPU.ActiveCfg = Release|Any CPU
		{EC44C8FB-3B00-11FB-0700-A18B685C6B25}.Release|Any CPU.Build.0 = Release|Any CPU
	EndGlobalSection
	GlobalSection(SolutionProperties) = preSolution
		HideSolutionNode = FALSE
	EndGlobalSection
	GlobalSection(ExtensibilityGlobals) = postSolution
		SolutionGuid = {CA141985-C13D-4026-9548-3FD35214EDEF}
	EndGlobalSection
EndGlobal
